
Microsoft Visual Studio Solution File, Format Version 12.00
# Blend for Visual Studio 15
VisualStudioVersion = 15.0.28307.1209
MinimumVisualStudioVersion = 10.0.40219.1
Project("{FAE04EC0-301F-11D3-BF4B-00C04F79EFBC}") = "cal", "cal\cal.csproj", "{37415062-ED32-4EC3-BFC8-B7FF365CA9F0}"
EndProject
Global
	GlobalSection(SolutionConfigurationPlatforms) = preSolution
		Debug|Any CPU = Debug|Any CPU
		Release|Any CPU = Release|Any CPU
	EndGlobalSection
	GlobalSection(ProjectConfigurationPlatforms) = postSolution
		{37415062-ED32-4EC3-BFC8-B7FF365CA9F0}.Debug|Any CPU.ActiveCfg = Debug|Any CPU
		{37415062-ED32-4EC3-BFC8-B7FF365CA9F0}.Debug|Any CPU.Build.0 = Debug|Any CPU
		{37415062-ED32-4EC3-BFC8-B7FF365CA9F0}.Release|Any CPU.ActiveCfg = Release|Any CPU
		{37415062-ED32-4EC3-BFC8-B7FF365CA9F0}.Release|Any CPU.Build.0 = Release|Any CPU
	EndGlobalSection
	GlobalSection(SolutionProperties) = preSolution
		HideSolutionNode = FALSE
	EndGlobalSection
	GlobalSection(ExtensibilityGlobals) = postSolution
		SolutionGuid = {D1F91A0D-C94C-4668-8DBA-6093A7162F84}
	EndGlobalSection
EndGlobal
